{
  "name": "tapdano",
  "version": "1.0.2",
  "lockfileVersion": 3,
  "requires": true,
  "packages": {
    "": {
      "name": "tapdano",
      "version": "1.0.2",
      "license": "MIT",
      "dependencies": {
        "tweetnacl": "^1.0.3"
      },
      "devDependencies": {
        "@types/w3c-web-nfc": "^1.0.4",
        "typescript": "^5.5.4"
      }
    },
    "node_modules/@types/w3c-web-nfc": {
      "version": "1.0.4",
      "resolved": "https://registry.npmjs.org/@types/w3c-web-nfc/-/w3c-web-nfc-1.0.4.tgz",
      "integrity": "sha512-AxTfPROOzdBhpBhrmwNn19gk36nK9SwRppSVe2C2y0TFuz/nzJ1m9oYC5DNoMeajEhHL44M+zxcH8GTkhgYteQ==",
      "dev": true
    },
    "node_modules/tweetnacl": {
      "version": "1.0.3",
      "resolved": "https://registry.npmjs.org/tweetnacl/-/tweetnacl-1.0.3.tgz",
      "integrity": "sha512-6rt+RN7aOi1nGMyC4Xa5DdYiukl2UWCbcJft7YhxReBGQD7OAM8Pbxw6YMo4r2diNEA8FEmu32YOn9rhaiE5yw=="
    },
    "node_modules/typescript": {
      "version": "5.5.4",
      "resolved": "https://registry.npmjs.org/typescript/-/typescript-5.5.4.tgz",
      "integrity": "sha512-Mtq29sKDAEYP7aljRgtPOpTvOfbwRWlS6dPRzwjdE+C0R4brX/GUyhHSecbHMFLNBLcJIPt9nl9yG5TZ1weH+Q==",
      "dev": true,
      "bin": {
        "tsc": "bin/tsc",
        "tsserver": "bin/tsserver"
      },
      "engines": {
        "node": ">=14.17"
      }
    }
  }
}
